{
  "version": 4,
  "terraform_version": "1.5.1",
  "serial": 38,
  "lineage": "91194f1f-f20f-d9ab-d29a-3eab4c70d4c1",
  "outputs": {},
  "resources": [
    {
      "module": "module.alb",
      "mode": "managed",
      "type": "aws_lb",
      "name": "web-load-balancer",
      "provider": "provider[\"registry.terraform.io/hashicorp/aws\"]",
      "instances": [
        {
          "schema_version": 0,
          "attributes": {
            "access_logs": [
              {
                "bucket": "",
                "enabled": false,
                "prefix": ""
              }
            ],
            "arn": "arn:aws:elasticloadbalancing:us-east-2:740785433437:loadbalancer/app/web-load-balancer/193646f5766039c4",
            "arn_suffix": "app/web-load-balancer/193646f5766039c4",
            "customer_owned_ipv4_pool": "",
            "desync_mitigation_mode": "defensive",
            "dns_name": "web-load-balancer-1911218010.us-east-2.elb.amazonaws.com",
            "drop_invalid_header_fields": false,
            "enable_cross_zone_load_balancing": true,
            "enable_deletion_protection": false,
            "enable_http2": true,
            "enable_tls_version_and_cipher_suite_headers": false,
            "enable_waf_fail_open": false,
            "enable_xff_client_port": false,
            "id": "arn:aws:elasticloadbalancing:us-east-2:740785433437:loadbalancer/app/web-load-balancer/193646f5766039c4",
            "idle_timeout": 60,
            "internal": false,
            "ip_address_type": "ipv4",
            "load_balancer_type": "application",
            "name": "web-load-balancer",
            "name_prefix": null,
            "preserve_host_header": false,
            "security_groups": [
              "sg-0970a7b261abd02fe"
            ],
            "subnet_mapping": [
              {
                "allocation_id": "",
                "ipv6_address": "",
                "outpost_id": "",
                "private_ipv4_address": "",
                "subnet_id": "subnet-033565a66a3202a84"
              },
              {
                "allocation_id": "",
                "ipv6_address": "",
                "outpost_id": "",
                "private_ipv4_address": "",
                "subnet_id": "subnet-06dc47814d1a0bbff"
              }
            ],
            "subnets": [
              "subnet-033565a66a3202a84",
              "subnet-06dc47814d1a0bbff"
            ],
            "tags": {
              "Environment": "dev"
            },
            "tags_all": {
              "Environment": "dev"
            },
            "timeouts": null,
            "vpc_id": "vpc-0aaa795fac7079765",
            "xff_header_processing_mode": "append",
            "zone_id": "Z3AADJGX6KTTL2"
          },
          "sensitive_attributes": [],
          "private": "eyJlMmJmYjczMC1lY2FhLTExZTYtOGY4OC0zNDM2M2JjN2M0YzAiOnsiY3JlYXRlIjo2MDAwMDAwMDAwMDAsImRlbGV0ZSI6NjAwMDAwMDAwMDAwLCJ1cGRhdGUiOjYwMDAwMDAwMDAwMH19",
          "dependencies": [
            "module.sg.aws_security_group.load_balancer_sg",
            "module.vpc.aws_subnet.Public-Subnet-1",
            "module.vpc.aws_subnet.Public-Subnet-2",
            "module.vpc.aws_vpc.web-vpc"
          ]
        }
      ]
    },
    {
      "module": "module.alb",
      "mode": "managed",
      "type": "aws_lb_listener",
      "name": "web-listener",
      "provider": "provider[\"registry.terraform.io/hashicorp/aws\"]",
      "instances": [
        {
          "schema_version": 0,
          "attributes": {
            "alpn_policy": null,
            "arn": "arn:aws:elasticloadbalancing:us-east-2:740785433437:listener/app/web-load-balancer/193646f5766039c4/ec7da95fb2e2a7d8",
            "certificate_arn": null,
            "default_action": [
              {
                "authenticate_cognito": [],
                "authenticate_oidc": [],
                "fixed_response": [],
                "forward": [],
                "order": 1,
                "redirect": [
                  {
                    "host": "#{host}",
                    "path": "/#{path}",
                    "port": "443",
                    "protocol": "HTTPS",
                    "query": "#{query}",
                    "status_code": "HTTP_301"
                  }
                ],
                "target_group_arn": "",
                "type": "redirect"
              }
            ],
            "id": "arn:aws:elasticloadbalancing:us-east-2:740785433437:listener/app/web-load-balancer/193646f5766039c4/ec7da95fb2e2a7d8",
            "load_balancer_arn": "arn:aws:elasticloadbalancing:us-east-2:740785433437:loadbalancer/app/web-load-balancer/193646f5766039c4",
            "port": 80,
            "protocol": "HTTP",
            "ssl_policy": "",
            "tags": null,
            "tags_all": {},
            "timeouts": null
          },
          "sensitive_attributes": [],
          "private": "eyJlMmJmYjczMC1lY2FhLTExZTYtOGY4OC0zNDM2M2JjN2M0YzAiOnsicmVhZCI6NjAwMDAwMDAwMDAwfX0=",
          "dependencies": [
            "module.alb.aws_lb.web-load-balancer",
            "module.sg.aws_security_group.load_balancer_sg",
            "module.vpc.aws_subnet.Public-Subnet-1",
            "module.vpc.aws_subnet.Public-Subnet-2",
            "module.vpc.aws_vpc.web-vpc"
          ]
        }
      ]
    },
    {
      "module": "module.alb",
      "mode": "managed",
      "type": "aws_lb_target_group",
      "name": "web-lb-tg",
      "provider": "provider[\"registry.terraform.io/hashicorp/aws\"]",
      "instances": [
        {
          "schema_version": 0,
          "attributes": {
            "arn": "arn:aws:elasticloadbalancing:us-east-2:740785433437:targetgroup/web-lb-tg/3456d067bd7a85c2",
            "arn_suffix": "targetgroup/web-lb-tg/3456d067bd7a85c2",
            "connection_termination": false,
            "deregistration_delay": "300",
            "health_check": [
              {
                "enabled": true,
                "healthy_threshold": 5,
                "interval": 30,
                "matcher": "200",
                "path": "/",
                "port": "traffic-port",
                "protocol": "HTTP",
                "timeout": 5,
                "unhealthy_threshold": 2
              }
            ],
            "id": "arn:aws:elasticloadbalancing:us-east-2:740785433437:targetgroup/web-lb-tg/3456d067bd7a85c2",
            "ip_address_type": "ipv4",
            "lambda_multi_value_headers_enabled": false,
            "load_balancing_algorithm_type": "round_robin",
            "load_balancing_cross_zone_enabled": "use_load_balancer_configuration",
            "name": "web-lb-tg",
            "name_prefix": null,
            "port": 80,
            "preserve_client_ip": null,
            "protocol": "HTTP",
            "protocol_version": "HTTP1",
            "proxy_protocol_v2": false,
            "slow_start": 0,
            "stickiness": [
              {
                "cookie_duration": 86400,
                "cookie_name": "",
                "enabled": false,
                "type": "lb_cookie"
              }
            ],
            "tags": null,
            "tags_all": {},
            "target_failover": [
              {
                "on_deregistration": null,
                "on_unhealthy": null
              }
            ],
            "target_type": "instance",
            "vpc_id": "vpc-0aaa795fac7079765"
          },
          "sensitive_attributes": [],
          "private": "bnVsbA==",
          "dependencies": [
            "module.vpc.aws_vpc.web-vpc"
          ]
        }
      ]
    },
    {
      "module": "module.alb",
      "mode": "managed",
      "type": "aws_lb_target_group_attachment",
      "name": "web-load-balancer1",
      "provider": "provider[\"registry.terraform.io/hashicorp/aws\"]",
      "instances": [
        {
          "schema_version": 0,
          "attributes": {
            "availability_zone": null,
            "id": "arn:aws:elasticloadbalancing:us-east-2:740785433437:targetgroup/web-lb-tg/3456d067bd7a85c2-20230624093053184300000009",
            "port": 80,
            "target_group_arn": "arn:aws:elasticloadbalancing:us-east-2:740785433437:targetgroup/web-lb-tg/3456d067bd7a85c2",
            "target_id": "i-02b4ec2e241af03eb"
          },
          "sensitive_attributes": [],
          "private": "bnVsbA==",
          "dependencies": [
            "module.alb.aws_lb_target_group.web-lb-tg",
            "module.ec2.aws_instance.web_server_1",
            "module.sg.aws_security_group.allow_web",
            "module.sg.aws_security_group.load_balancer_sg",
            "module.vpc.aws_subnet.Public-Subnet-1",
            "module.vpc.aws_vpc.web-vpc"
          ]
        }
      ]
    },
    {
      "module": "module.alb",
      "mode": "managed",
      "type": "aws_lb_target_group_attachment",
      "name": "web-load-balancer2",
      "provider": "provider[\"registry.terraform.io/hashicorp/aws\"]",
      "instances": [
        {
          "schema_version": 0,
          "attributes": {
            "availability_zone": null,
            "id": "arn:aws:elasticloadbalancing:us-east-2:740785433437:targetgroup/web-lb-tg/3456d067bd7a85c2-20230624093042980800000008",
            "port": 80,
            "target_group_arn": "arn:aws:elasticloadbalancing:us-east-2:740785433437:targetgroup/web-lb-tg/3456d067bd7a85c2",
            "target_id": "i-04b663bb86aa89d46"
          },
          "sensitive_attributes": [],
          "private": "bnVsbA==",
          "dependencies": [
            "module.alb.aws_lb_target_group.web-lb-tg",
            "module.ec2.aws_instance.web_server_2",
            "module.sg.aws_security_group.allow_web",
            "module.sg.aws_security_group.load_balancer_sg",
            "module.vpc.aws_subnet.Public-Subnet-2",
            "module.vpc.aws_vpc.web-vpc"
          ]
        }
      ]
    },
    {
      "module": "module.asg",
      "mode": "managed",
      "type": "aws_autoscaling_group",
      "name": "dhan-asg",
      "provider": "provider[\"registry.terraform.io/hashicorp/aws\"]",
      "instances": []
    },
    {
      "module": "module.asg",
      "mode": "managed",
      "type": "aws_autoscaling_policy",
      "name": "ec2-scale-down",
      "provider": "provider[\"registry.terraform.io/hashicorp/aws\"]",
      "instances": []
    },
    {
      "module": "module.asg",
      "mode": "managed",
      "type": "aws_autoscaling_policy",
      "name": "ec2-scaleUp",
      "provider": "provider[\"registry.terraform.io/hashicorp/aws\"]",
      "instances": []
    },
    {
      "module": "module.asg",
      "mode": "managed",
      "type": "aws_cloudwatch_metric_alarm",
      "name": "scale-down-alarm",
      "provider": "provider[\"registry.terraform.io/hashicorp/aws\"]",
      "instances": []
    },
    {
      "module": "module.asg",
      "mode": "managed",
      "type": "aws_cloudwatch_metric_alarm",
      "name": "scaling-alarm",
      "provider": "provider[\"registry.terraform.io/hashicorp/aws\"]",
      "instances": []
    },
    {
      "module": "module.ec2",
      "mode": "managed",
      "type": "aws_instance",
      "name": "database-server",
      "provider": "provider[\"registry.terraform.io/hashicorp/aws\"]",
      "instances": [
        {
          "schema_version": 1,
          "attributes": {
            "ami": "ami-0331ebbf81138e4de",
            "arn": "arn:aws:ec2:us-east-2:740785433437:instance/i-06cb02c92398f546e",
            "associate_public_ip_address": true,
            "availability_zone": "us-east-2b",
            "capacity_reservation_specification": [
              {
                "capacity_reservation_preference": "open",
                "capacity_reservation_target": []
              }
            ],
            "cpu_core_count": 1,
            "cpu_options": [
              {
                "amd_sev_snp": "",
                "core_count": 1,
                "threads_per_core": 1
              }
            ],
            "cpu_threads_per_core": 1,
            "credit_specification": [
              {
                "cpu_credits": "standard"
              }
            ],
            "disable_api_stop": false,
            "disable_api_termination": false,
            "ebs_block_device": [],
            "ebs_optimized": false,
            "enclave_options": [
              {
                "enabled": false
              }
            ],
            "ephemeral_block_device": [],
            "get_password_data": false,
            "hibernation": false,
            "host_id": "",
            "host_resource_group_arn": null,
            "iam_instance_profile": "",
            "id": "i-06cb02c92398f546e",
            "instance_initiated_shutdown_behavior": "stop",
            "instance_state": "running",
            "instance_type": "t2.micro",
            "ipv6_address_count": 0,
            "ipv6_addresses": [],
            "key_name": "web-test",
            "launch_template": [],
            "maintenance_options": [
              {
                "auto_recovery": "default"
              }
            ],
            "metadata_options": [
              {
                "http_endpoint": "enabled",
                "http_put_response_hop_limit": 1,
                "http_tokens": "optional",
                "instance_metadata_tags": "disabled"
              }
            ],
            "monitoring": false,
            "network_interface": [],
            "outpost_arn": "",
            "password_data": "",
            "placement_group": "",
            "placement_partition_number": 0,
            "primary_network_interface_id": "eni-02bc189532014e666",
            "private_dns": "ip-10-0-4-148.us-east-2.compute.internal",
            "private_dns_name_options": [
              {
                "enable_resource_name_dns_a_record": false,
                "enable_resource_name_dns_aaaa_record": false,
                "hostname_type": "ip-name"
              }
            ],
            "private_ip": "10.0.4.148",
            "public_dns": "ec2-13-58-133-63.us-east-2.compute.amazonaws.com",
            "public_ip": "13.58.133.63",
            "root_block_device": [
              {
                "delete_on_termination": true,
                "device_name": "/dev/xvda",
                "encrypted": false,
                "iops": 100,
                "kms_key_id": "",
                "tags": {},
                "throughput": 0,
                "volume_id": "vol-08e090e86b61dca3c",
                "volume_size": 8,
                "volume_type": "gp2"
              }
            ],
            "secondary_private_ips": [],
            "security_groups": [],
            "source_dest_check": true,
            "subnet_id": "subnet-096164e2e0db334c2",
            "tags": {
              "Name": "database-server"
            },
            "tags_all": {
              "Name": "database-server"
            },
            "tenancy": "default",
            "timeouts": null,
            "user_data": null,
            "user_data_base64": null,
            "user_data_replace_on_change": false,
            "volume_tags": null,
            "vpc_security_group_ids": [
              "sg-0b0c6df311094fdeb"
            ]
          },
          "sensitive_attributes": [],
          "private": "eyJlMmJmYjczMC1lY2FhLTExZTYtOGY4OC0zNDM2M2JjN2M0YzAiOnsiY3JlYXRlIjo2MDAwMDAwMDAwMDAsImRlbGV0ZSI6MTIwMDAwMDAwMDAwMCwidXBkYXRlIjo2MDAwMDAwMDAwMDB9LCJzY2hlbWFfdmVyc2lvbiI6IjEifQ==",
          "dependencies": [
            "module.sg.aws_security_group.allow_web",
            "module.sg.aws_security_group.load_balancer_sg",
            "module.vpc.aws_subnet.Private-Subnet-2",
            "module.vpc.aws_vpc.web-vpc"
          ]
        }
      ]
    },
    {
      "module": "module.ec2",
      "mode": "managed",
      "type": "aws_instance",
      "name": "jenkins-server",
      "provider": "provider[\"registry.terraform.io/hashicorp/aws\"]",
      "instances": [
        {
          "schema_version": 1,
          "attributes": {
            "ami": "ami-0331ebbf81138e4de",
            "arn": "arn:aws:ec2:us-east-2:740785433437:instance/i-00c6091c1ab8a42e4",
            "associate_public_ip_address": true,
            "availability_zone": "us-east-2a",
            "capacity_reservation_specification": [
              {
                "capacity_reservation_preference": "open",
                "capacity_reservation_target": []
              }
            ],
            "cpu_core_count": 1,
            "cpu_options": [
              {
                "amd_sev_snp": "",
                "core_count": 1,
                "threads_per_core": 1
              }
            ],
            "cpu_threads_per_core": 1,
            "credit_specification": [
              {
                "cpu_credits": "standard"
              }
            ],
            "disable_api_stop": false,
            "disable_api_termination": false,
            "ebs_block_device": [],
            "ebs_optimized": false,
            "enclave_options": [
              {
                "enabled": false
              }
            ],
            "ephemeral_block_device": [],
            "get_password_data": false,
            "hibernation": false,
            "host_id": "",
            "host_resource_group_arn": null,
            "iam_instance_profile": "",
            "id": "i-00c6091c1ab8a42e4",
            "instance_initiated_shutdown_behavior": "stop",
            "instance_state": "running",
            "instance_type": "t2.micro",
            "ipv6_address_count": 0,
            "ipv6_addresses": [],
            "key_name": "web-test",
            "launch_template": [],
            "maintenance_options": [
              {
                "auto_recovery": "default"
              }
            ],
            "metadata_options": [
              {
                "http_endpoint": "enabled",
                "http_put_response_hop_limit": 1,
                "http_tokens": "optional",
                "instance_metadata_tags": "disabled"
              }
            ],
            "monitoring": false,
            "network_interface": [],
            "outpost_arn": "",
            "password_data": "",
            "placement_group": "",
            "placement_partition_number": 0,
            "primary_network_interface_id": "eni-0906f09776a17cc51",
            "private_dns": "ip-10-0-3-234.us-east-2.compute.internal",
            "private_dns_name_options": [
              {
                "enable_resource_name_dns_a_record": false,
                "enable_resource_name_dns_aaaa_record": false,
                "hostname_type": "ip-name"
              }
            ],
            "private_ip": "10.0.3.234",
            "public_dns": "ec2-18-216-147-202.us-east-2.compute.amazonaws.com",
            "public_ip": "18.216.147.202",
            "root_block_device": [
              {
                "delete_on_termination": true,
                "device_name": "/dev/xvda",
                "encrypted": false,
                "iops": 100,
                "kms_key_id": "",
                "tags": {},
                "throughput": 0,
                "volume_id": "vol-0959a0a532b4ee322",
                "volume_size": 8,
                "volume_type": "gp2"
              }
            ],
            "secondary_private_ips": [],
            "security_groups": [],
            "source_dest_check": true,
            "subnet_id": "subnet-0bd51acc09d86184e",
            "tags": {
              "Name": "jenkins-server"
            },
            "tags_all": {
              "Name": "jenkins-server"
            },
            "tenancy": "default",
            "timeouts": null,
            "user_data": null,
            "user_data_base64": null,
            "user_data_replace_on_change": false,
            "volume_tags": null,
            "vpc_security_group_ids": [
              "sg-0b0c6df311094fdeb"
            ]
          },
          "sensitive_attributes": [],
          "private": "eyJlMmJmYjczMC1lY2FhLTExZTYtOGY4OC0zNDM2M2JjN2M0YzAiOnsiY3JlYXRlIjo2MDAwMDAwMDAwMDAsImRlbGV0ZSI6MTIwMDAwMDAwMDAwMCwidXBkYXRlIjo2MDAwMDAwMDAwMDB9LCJzY2hlbWFfdmVyc2lvbiI6IjEifQ==",
          "dependencies": [
            "module.sg.aws_security_group.allow_web",
            "module.sg.aws_security_group.load_balancer_sg",
            "module.vpc.aws_subnet.Private-Subnet-1",
            "module.vpc.aws_vpc.web-vpc"
          ]
        }
      ]
    },
    {
      "module": "module.ec2",
      "mode": "managed",
      "type": "aws_instance",
      "name": "web_server_1",
      "provider": "provider[\"registry.terraform.io/hashicorp/aws\"]",
      "instances": [
        {
          "schema_version": 1,
          "attributes": {
            "ami": "ami-0331ebbf81138e4de",
            "arn": "arn:aws:ec2:us-east-2:740785433437:instance/i-02b4ec2e241af03eb",
            "associate_public_ip_address": true,
            "availability_zone": "us-east-2a",
            "capacity_reservation_specification": [
              {
                "capacity_reservation_preference": "open",
                "capacity_reservation_target": []
              }
            ],
            "cpu_core_count": 1,
            "cpu_options": [
              {
                "amd_sev_snp": "",
                "core_count": 1,
                "threads_per_core": 1
              }
            ],
            "cpu_threads_per_core": 1,
            "credit_specification": [
              {
                "cpu_credits": "standard"
              }
            ],
            "disable_api_stop": false,
            "disable_api_termination": false,
            "ebs_block_device": [],
            "ebs_optimized": false,
            "enclave_options": [
              {
                "enabled": false
              }
            ],
            "ephemeral_block_device": [],
            "get_password_data": false,
            "hibernation": false,
            "host_id": "",
            "host_resource_group_arn": null,
            "iam_instance_profile": "",
            "id": "i-02b4ec2e241af03eb",
            "instance_initiated_shutdown_behavior": "stop",
            "instance_state": "running",
            "instance_type": "t2.micro",
            "ipv6_address_count": 0,
            "ipv6_addresses": [],
            "key_name": "web-test",
            "launch_template": [],
            "maintenance_options": [
              {
                "auto_recovery": "default"
              }
            ],
            "metadata_options": [
              {
                "http_endpoint": "enabled",
                "http_put_response_hop_limit": 1,
                "http_tokens": "optional",
                "instance_metadata_tags": "disabled"
              }
            ],
            "monitoring": false,
            "network_interface": [],
            "outpost_arn": "",
            "password_data": "",
            "placement_group": "",
            "placement_partition_number": 0,
            "primary_network_interface_id": "eni-04f6980ce5b639dc0",
            "private_dns": "ip-10-0-1-226.us-east-2.compute.internal",
            "private_dns_name_options": [
              {
                "enable_resource_name_dns_a_record": false,
                "enable_resource_name_dns_aaaa_record": false,
                "hostname_type": "ip-name"
              }
            ],
            "private_ip": "10.0.1.226",
            "public_dns": "ec2-3-138-138-106.us-east-2.compute.amazonaws.com",
            "public_ip": "3.138.138.106",
            "root_block_device": [
              {
                "delete_on_termination": true,
                "device_name": "/dev/xvda",
                "encrypted": false,
                "iops": 100,
                "kms_key_id": "",
                "tags": {},
                "throughput": 0,
                "volume_id": "vol-0337f09b74183e6b5",
                "volume_size": 8,
                "volume_type": "gp2"
              }
            ],
            "secondary_private_ips": [],
            "security_groups": [],
            "source_dest_check": true,
            "subnet_id": "subnet-06dc47814d1a0bbff",
            "tags": {
              "Name": "web_server_1"
            },
            "tags_all": {
              "Name": "web_server_1"
            },
            "tenancy": "default",
            "timeouts": null,
            "user_data": "1b1646a7cc108182949b2b5a289c4dc0cd495576",
            "user_data_base64": null,
            "user_data_replace_on_change": false,
            "volume_tags": null,
            "vpc_security_group_ids": [
              "sg-0b0c6df311094fdeb"
            ]
          },
          "sensitive_attributes": [],
          "private": "eyJlMmJmYjczMC1lY2FhLTExZTYtOGY4OC0zNDM2M2JjN2M0YzAiOnsiY3JlYXRlIjo2MDAwMDAwMDAwMDAsImRlbGV0ZSI6MTIwMDAwMDAwMDAwMCwidXBkYXRlIjo2MDAwMDAwMDAwMDB9LCJzY2hlbWFfdmVyc2lvbiI6IjEifQ==",
          "dependencies": [
            "module.sg.aws_security_group.allow_web",
            "module.sg.aws_security_group.load_balancer_sg",
            "module.vpc.aws_subnet.Public-Subnet-1",
            "module.vpc.aws_vpc.web-vpc"
          ]
        }
      ]
    },
    {
      "module": "module.ec2",
      "mode": "managed",
      "type": "aws_instance",
      "name": "web_server_2",
      "provider": "provider[\"registry.terraform.io/hashicorp/aws\"]",
      "instances": [
        {
          "schema_version": 1,
          "attributes": {
            "ami": "ami-0331ebbf81138e4de",
            "arn": "arn:aws:ec2:us-east-2:740785433437:instance/i-04b663bb86aa89d46",
            "associate_public_ip_address": true,
            "availability_zone": "us-east-2b",
            "capacity_reservation_specification": [
              {
                "capacity_reservation_preference": "open",
                "capacity_reservation_target": []
              }
            ],
            "cpu_core_count": 1,
            "cpu_options": [
              {
                "amd_sev_snp": "",
                "core_count": 1,
                "threads_per_core": 1
              }
            ],
            "cpu_threads_per_core": 1,
            "credit_specification": [
              {
                "cpu_credits": "standard"
              }
            ],
            "disable_api_stop": false,
            "disable_api_termination": false,
            "ebs_block_device": [],
            "ebs_optimized": false,
            "enclave_options": [
              {
                "enabled": false
              }
            ],
            "ephemeral_block_device": [],
            "get_password_data": false,
            "hibernation": false,
            "host_id": "",
            "host_resource_group_arn": null,
            "iam_instance_profile": "",
            "id": "i-04b663bb86aa89d46",
            "instance_initiated_shutdown_behavior": "stop",
            "instance_state": "running",
            "instance_type": "t2.micro",
            "ipv6_address_count": 0,
            "ipv6_addresses": [],
            "key_name": "web-test",
            "launch_template": [],
            "maintenance_options": [
              {
                "auto_recovery": "default"
              }
            ],
            "metadata_options": [
              {
                "http_endpoint": "enabled",
                "http_put_response_hop_limit": 1,
                "http_tokens": "optional",
                "instance_metadata_tags": "disabled"
              }
            ],
            "monitoring": false,
            "network_interface": [],
            "outpost_arn": "",
            "password_data": "",
            "placement_group": "",
            "placement_partition_number": 0,
            "primary_network_interface_id": "eni-0c633e8bd6813180f",
            "private_dns": "ip-10-0-2-232.us-east-2.compute.internal",
            "private_dns_name_options": [
              {
                "enable_resource_name_dns_a_record": false,
                "enable_resource_name_dns_aaaa_record": false,
                "hostname_type": "ip-name"
              }
            ],
            "private_ip": "10.0.2.232",
            "public_dns": "ec2-18-116-30-227.us-east-2.compute.amazonaws.com",
            "public_ip": "18.116.30.227",
            "root_block_device": [
              {
                "delete_on_termination": true,
                "device_name": "/dev/xvda",
                "encrypted": false,
                "iops": 100,
                "kms_key_id": "",
                "tags": {},
                "throughput": 0,
                "volume_id": "vol-0228ac325ac1c25f3",
                "volume_size": 8,
                "volume_type": "gp2"
              }
            ],
            "secondary_private_ips": [],
            "security_groups": [],
            "source_dest_check": true,
            "subnet_id": "subnet-033565a66a3202a84",
            "tags": {
              "Name": "web_server_2"
            },
            "tags_all": {
              "Name": "web_server_2"
            },
            "tenancy": "default",
            "timeouts": null,
            "user_data": "1b1646a7cc108182949b2b5a289c4dc0cd495576",
            "user_data_base64": null,
            "user_data_replace_on_change": false,
            "volume_tags": null,
            "vpc_security_group_ids": [
              "sg-0b0c6df311094fdeb"
            ]
          },
          "sensitive_attributes": [],
          "private": "eyJlMmJmYjczMC1lY2FhLTExZTYtOGY4OC0zNDM2M2JjN2M0YzAiOnsiY3JlYXRlIjo2MDAwMDAwMDAwMDAsImRlbGV0ZSI6MTIwMDAwMDAwMDAwMCwidXBkYXRlIjo2MDAwMDAwMDAwMDB9LCJzY2hlbWFfdmVyc2lvbiI6IjEifQ==",
          "dependencies": [
            "module.sg.aws_security_group.allow_web",
            "module.sg.aws_security_group.load_balancer_sg",
            "module.vpc.aws_subnet.Public-Subnet-2",
            "module.vpc.aws_vpc.web-vpc"
          ]
        }
      ]
    },
    {
      "module": "module.key-pair",
      "mode": "managed",
      "type": "aws_key_pair",
      "name": "deployer",
      "provider": "provider[\"registry.terraform.io/hashicorp/aws\"]",
      "instances": [
        {
          "schema_version": 1,
          "attributes": {
            "arn": "arn:aws:ec2:us-east-2:740785433437:key-pair/web-test",
            "fingerprint": "46:c7:7c:89:36:3f:60:47:dc:c9:89:3e:54:e6:d9:73",
            "id": "web-test",
            "key_name": "web-test",
            "key_name_prefix": "",
            "key_pair_id": "key-0e76a6b20554ab806",
            "key_type": "rsa",
            "public_key": "ssh-rsa AAAAB3NzaC1yc2EAAAADAQABAAABAQDDi2k3kj1AmNW+BNZFJ3alsoghAuFkLOb+C0hMxl338wE6OXbwyO/D6aiQxB6DzDxQxnWOOYWE0MdE1kX9GY6phDhB8VYkrwOI6r2imZoogJ4LRs6rm/woXtCvn7bHYTrwQptWmuUm5ru913K+o1I0brFEgRI818v4FLAJDPl+BO5984C+ey4CXH6Je8VYJnRyvv29T5izuY1BwhvWR/TOgvCtH3+lXM9awSmNf6HkKHrEY+wlWnNqCGW7yzpK77OZeKp7wPpyQKfEkxQ0FPto8vWU5Pmf8vssun+OwtLEfTTIGoCuz9QGKB/ARU144EfnC9O/Sui8CzrMMlWgJ8Qb",
            "tags": null,
            "tags_all": {}
          },
          "sensitive_attributes": [],
          "private": "eyJzY2hlbWFfdmVyc2lvbiI6IjEifQ==",
          "dependencies": [
            "module.key-pair.tls_private_key.web-key"
          ]
        }
      ]
    },
    {
      "module": "module.key-pair",
      "mode": "managed",
      "type": "local_file",
      "name": "web-test",
      "provider": "provider[\"registry.terraform.io/hashicorp/local\"]",
      "instances": [
        {
          "schema_version": 0,
          "attributes": {
            "content": "-----BEGIN RSA PRIVATE KEY-----\nMIIEowIBAAKCAQEAw4tpN5I9QJjVvgTWRSd2pbKIIQLhZCzm/gtITMZd9/MBOjl2\n8Mjvw+mokMQeg8w8UMZ1jjmFhNDHRNZF/RmOqYQ4QfFWJK8DiOq9opmaKICeC0bO\nq5v8KF7Qr5+2x2E68EKbVprlJua7vddyvqNSNG6xRIESPNfL+BSwCQz5fgTuffOA\nvnsuAlx+iXvFWCZ0cr79vU+Ys7mNQcIb1kf0zoLwrR9/pVzPWsEpjX+h5Ch6xGPs\nJVpzaghlu8s6Su+zmXiqe8D6ckCnxJMUNBT7aPL1lOT5n/L7LLp/jsLSxH00yBqA\nrs/UBigfwEVNeOBH5wvTv0rovAs6zDJVoCfEGwIDAQABAoIBAHsJeQaySUAf6j1J\npdiVYB4aG3VJ7q+tYRpv1uoX1oBwslEEX0ZZ6CMJHjsYa2raUwkwFj+LCevrwbYa\nbKc4MX+P5iX3yBAE3uCDcxagN1NMuiS2RMvNtfdg0UXv5H3HO+J4xmzTwWOcwnxM\n17ID6XF8RKWp4OPPlFNgEPNg6orTS60iEbtbgAM3xWJQ59Lk1Q3sVLVAUR3p6AbO\n588LKE3ygrQRY3IX9rO4PLHm3bwwwta3TRgJitrlv9CsluHtc9fH310FrI0arp5e\nQd7CianWXdMWx6SVe8dtSn870BoRi+/1kYTZ+hAHryFLH3B6Gp4rCuIgRcUaRyBp\n+deaY8ECgYEA/lHvQSopZj0TlyjKHM67GoBzrecHv6hmMFGyLQ5k61gOM1aHjivb\n3Q0mjhCrKiloOERoDEPdvKpD1fN3VQwqV2WhkELU3wHMOHCDbbSQOeniHCQ5UEaM\nJdBlVX8J2VzyZGnJNdF3BninVB5TVr9jzjP0uxF0gYYzrwIPyHCGkpMCgYEAxNYV\nsBy3uO29ETuOD1IJ1XJybouT3uptrHKQhl9F8xTlU68fFe6koEhlSf+TocCSOdyF\nn16goPfWE6ED3M+xPBYRUMYwXMgYFXosgSS6UTm7mdWpSROwfCGYxY9yjYtj8Dgq\nS8S3TElG5A/XMImZaTvbtwec5C9C0l9F7I78VVkCgYBNfqYLE0/eKYpIq1M7B/uX\njcCyIw4HZscMvjgu5o318LUTC7Dur4qlhxZSf93IUSnCy4VxB1UP4kodbbzVG4nj\na8KZdOPsuF2EbTR/P2AbZZtSu+8C+RxHgYL/VGCp7VqnIlz/mz5LqIREa6E1c8hz\n0v0l66G2vjANifFJQJChJQKBgQCfKHxg6tejsJgwVveHa86HyQK+YB4xIV2NExXJ\nkT/+Tecgw3lfQpfbAq7kJsQ5Bn02TBm/w8QeZEe1l3yID2hALZfSuG5il2jh9OgH\nhKsjAouu2BUKAeGyfXgKRvNZgFxO4RtSKL4N8TJhNm3J0Xk6niwK0x0JZS2i7Wac\n4QEoAQKBgB8wGpcqYHuUVjhj4RwWjBDLVcioMRDkzP0j4WtEdibZSvQ1tSmk4m+8\nssk+JwUB+F+MpYJv0VxjCoQ4QDjoTqCPsJchBkNH8mZyGDEsE19n264ihzsGwT+U\nfVLVGCJu8owbaL3yC1PUtcRinBYSOPo0wlpoF5lOmSedsMQZlB3H\n-----END RSA PRIVATE KEY-----\n",
            "content_base64": null,
            "content_base64sha256": "aD3LTBVkbm27Xrt4eSQEKmT28/CBDXjtNLJ72H6IjA8=",
            "content_base64sha512": "vGMWAVuwJGsS9iexTmJRnkOCmYn0ZAI5ytRendscxFwVpewmfwiQV1VajPqkYEB+NzoaXD1815EUpo/t88kvyA==",
            "content_md5": "68eb0b4de5764b4c6d2d08415f767cd2",
            "content_sha1": "75844d6815fb78f57b680df649084ffcb26cba5a",
            "content_sha256": "683dcb4c15646e6dbb5ebb787924042a64f6f3f0810d78ed34b27bd87e888c0f",
            "content_sha512": "bc6316015bb0246b12f627b14e62519e43829989f4640239cad45e9ddb1cc45c15a5ec267f089057555a8cfaa460407e373a1a5c3d7cd79114a68fedf3c92fc8",
            "directory_permission": "0777",
            "file_permission": "0777",
            "filename": "web-test-2.pem",
            "id": "75844d6815fb78f57b680df649084ffcb26cba5a",
            "sensitive_content": null,
            "source": null
          },
          "sensitive_attributes": [
            [
              {
                "type": "get_attr",
                "value": "content"
              }
            ]
          ],
          "dependencies": [
            "module.key-pair.tls_private_key.web-key"
          ]
        }
      ]
    },
    {
      "module": "module.key-pair",
      "mode": "managed",
      "type": "tls_private_key",
      "name": "web-key",
      "provider": "provider[\"registry.terraform.io/hashicorp/tls\"]",
      "instances": [
        {
          "schema_version": 1,
          "attributes": {
            "algorithm": "RSA",
            "ecdsa_curve": "P224",
            "id": "49f77fa8947ea764689e6ad432c9e3ed816627d3",
            "private_key_openssh": "-----BEGIN OPENSSH PRIVATE KEY-----\nb3BlbnNzaC1rZXktdjEAAAAABG5vbmUAAAAEbm9uZQAAAAAAAAABAAABFwAAAAdz\nc2gtcnNhAAAAAwEAAQAAAQEAw4tpN5I9QJjVvgTWRSd2pbKIIQLhZCzm/gtITMZd\n9/MBOjl28Mjvw+mokMQeg8w8UMZ1jjmFhNDHRNZF/RmOqYQ4QfFWJK8DiOq9opma\nKICeC0bOq5v8KF7Qr5+2x2E68EKbVprlJua7vddyvqNSNG6xRIESPNfL+BSwCQz5\nfgTuffOAvnsuAlx+iXvFWCZ0cr79vU+Ys7mNQcIb1kf0zoLwrR9/pVzPWsEpjX+h\n5Ch6xGPsJVpzaghlu8s6Su+zmXiqe8D6ckCnxJMUNBT7aPL1lOT5n/L7LLp/jsLS\nxH00yBqArs/UBigfwEVNeOBH5wvTv0rovAs6zDJVoCfEGwAAA7hT3Y5CU92OQgAA\nAAdzc2gtcnNhAAABAQDDi2k3kj1AmNW+BNZFJ3alsoghAuFkLOb+C0hMxl338wE6\nOXbwyO/D6aiQxB6DzDxQxnWOOYWE0MdE1kX9GY6phDhB8VYkrwOI6r2imZoogJ4L\nRs6rm/woXtCvn7bHYTrwQptWmuUm5ru913K+o1I0brFEgRI818v4FLAJDPl+BO59\n84C+ey4CXH6Je8VYJnRyvv29T5izuY1BwhvWR/TOgvCtH3+lXM9awSmNf6HkKHrE\nY+wlWnNqCGW7yzpK77OZeKp7wPpyQKfEkxQ0FPto8vWU5Pmf8vssun+OwtLEfTTI\nGoCuz9QGKB/ARU144EfnC9O/Sui8CzrMMlWgJ8QbAAAAAwEAAQAAAQB7CXkGsklA\nH+o9SaXYlWAeGht1Se6vrWEab9bqF9aAcLJRBF9GWegjCR47GGtq2lMJMBY/iwnr\n68G2GmynODF/j+Yl98gQBN7gg3MWoDdTTLoktkTLzbX3YNFF7+R9xzvieMZs08Fj\nnMJ8TNeyA+lxfESlqeDjz5RTYBDzYOqK00utIhG7W4ADN8ViUOfS5NUN7FS1QFEd\n6egGzufPCyhN8oK0EWNyF/azuDyx5t28MMLWt00YCYra5b/QrJbh7XPXx99dBayN\nGq6eXkHewomp1l3TFseklXvHbUp/O9AaEYvv9ZGE2foQB68hSx9wehqeKwriIEXF\nGkcgafnXmmPBAAAAgB8wGpcqYHuUVjhj4RwWjBDLVcioMRDkzP0j4WtEdibZSvQ1\ntSmk4m+8ssk+JwUB+F+MpYJv0VxjCoQ4QDjoTqCPsJchBkNH8mZyGDEsE19n264i\nhzsGwT+UfVLVGCJu8owbaL3yC1PUtcRinBYSOPo0wlpoF5lOmSedsMQZlB3HAAAA\ngQD+Ue9BKilmPROXKMoczrsagHOt5we/qGYwUbItDmTrWA4zVoeOK9vdDSaOEKsq\nKWg4RGgMQ928qkPV83dVDCpXZaGQQtTfAcw4cINttJA56eIcJDlQRowl0GVVfwnZ\nXPJkack10XcGeKdUHlNWv2POM/S7EXSBhjOvAg/IcIaSkwAAAIEAxNYVsBy3uO29\nETuOD1IJ1XJybouT3uptrHKQhl9F8xTlU68fFe6koEhlSf+TocCSOdyFn16goPfW\nE6ED3M+xPBYRUMYwXMgYFXosgSS6UTm7mdWpSROwfCGYxY9yjYtj8DgqS8S3TElG\n5A/XMImZaTvbtwec5C9C0l9F7I78VVkAAAAAAQID\n-----END OPENSSH PRIVATE KEY-----\n",
            "private_key_pem": "-----BEGIN RSA PRIVATE KEY-----\nMIIEowIBAAKCAQEAw4tpN5I9QJjVvgTWRSd2pbKIIQLhZCzm/gtITMZd9/MBOjl2\n8Mjvw+mokMQeg8w8UMZ1jjmFhNDHRNZF/RmOqYQ4QfFWJK8DiOq9opmaKICeC0bO\nq5v8KF7Qr5+2x2E68EKbVprlJua7vddyvqNSNG6xRIESPNfL+BSwCQz5fgTuffOA\nvnsuAlx+iXvFWCZ0cr79vU+Ys7mNQcIb1kf0zoLwrR9/pVzPWsEpjX+h5Ch6xGPs\nJVpzaghlu8s6Su+zmXiqe8D6ckCnxJMUNBT7aPL1lOT5n/L7LLp/jsLSxH00yBqA\nrs/UBigfwEVNeOBH5wvTv0rovAs6zDJVoCfEGwIDAQABAoIBAHsJeQaySUAf6j1J\npdiVYB4aG3VJ7q+tYRpv1uoX1oBwslEEX0ZZ6CMJHjsYa2raUwkwFj+LCevrwbYa\nbKc4MX+P5iX3yBAE3uCDcxagN1NMuiS2RMvNtfdg0UXv5H3HO+J4xmzTwWOcwnxM\n17ID6XF8RKWp4OPPlFNgEPNg6orTS60iEbtbgAM3xWJQ59Lk1Q3sVLVAUR3p6AbO\n588LKE3ygrQRY3IX9rO4PLHm3bwwwta3TRgJitrlv9CsluHtc9fH310FrI0arp5e\nQd7CianWXdMWx6SVe8dtSn870BoRi+/1kYTZ+hAHryFLH3B6Gp4rCuIgRcUaRyBp\n+deaY8ECgYEA/lHvQSopZj0TlyjKHM67GoBzrecHv6hmMFGyLQ5k61gOM1aHjivb\n3Q0mjhCrKiloOERoDEPdvKpD1fN3VQwqV2WhkELU3wHMOHCDbbSQOeniHCQ5UEaM\nJdBlVX8J2VzyZGnJNdF3BninVB5TVr9jzjP0uxF0gYYzrwIPyHCGkpMCgYEAxNYV\nsBy3uO29ETuOD1IJ1XJybouT3uptrHKQhl9F8xTlU68fFe6koEhlSf+TocCSOdyF\nn16goPfWE6ED3M+xPBYRUMYwXMgYFXosgSS6UTm7mdWpSROwfCGYxY9yjYtj8Dgq\nS8S3TElG5A/XMImZaTvbtwec5C9C0l9F7I78VVkCgYBNfqYLE0/eKYpIq1M7B/uX\njcCyIw4HZscMvjgu5o318LUTC7Dur4qlhxZSf93IUSnCy4VxB1UP4kodbbzVG4nj\na8KZdOPsuF2EbTR/P2AbZZtSu+8C+RxHgYL/VGCp7VqnIlz/mz5LqIREa6E1c8hz\n0v0l66G2vjANifFJQJChJQKBgQCfKHxg6tejsJgwVveHa86HyQK+YB4xIV2NExXJ\nkT/+Tecgw3lfQpfbAq7kJsQ5Bn02TBm/w8QeZEe1l3yID2hALZfSuG5il2jh9OgH\nhKsjAouu2BUKAeGyfXgKRvNZgFxO4RtSKL4N8TJhNm3J0Xk6niwK0x0JZS2i7Wac\n4QEoAQKBgB8wGpcqYHuUVjhj4RwWjBDLVcioMRDkzP0j4WtEdibZSvQ1tSmk4m+8\nssk+JwUB+F+MpYJv0VxjCoQ4QDjoTqCPsJchBkNH8mZyGDEsE19n264ihzsGwT+U\nfVLVGCJu8owbaL3yC1PUtcRinBYSOPo0wlpoF5lOmSedsMQZlB3H\n-----END RSA PRIVATE KEY-----\n",
            "private_key_pem_pkcs8": "-----BEGIN PRIVATE KEY-----\nMIIEvQIBADANBgkqhkiG9w0BAQEFAASCBKcwggSjAgEAAoIBAQDDi2k3kj1AmNW+\nBNZFJ3alsoghAuFkLOb+C0hMxl338wE6OXbwyO/D6aiQxB6DzDxQxnWOOYWE0MdE\n1kX9GY6phDhB8VYkrwOI6r2imZoogJ4LRs6rm/woXtCvn7bHYTrwQptWmuUm5ru9\n13K+o1I0brFEgRI818v4FLAJDPl+BO5984C+ey4CXH6Je8VYJnRyvv29T5izuY1B\nwhvWR/TOgvCtH3+lXM9awSmNf6HkKHrEY+wlWnNqCGW7yzpK77OZeKp7wPpyQKfE\nkxQ0FPto8vWU5Pmf8vssun+OwtLEfTTIGoCuz9QGKB/ARU144EfnC9O/Sui8CzrM\nMlWgJ8QbAgMBAAECggEAewl5BrJJQB/qPUml2JVgHhobdUnur61hGm/W6hfWgHCy\nUQRfRlnoIwkeOxhratpTCTAWP4sJ6+vBthpspzgxf4/mJffIEATe4INzFqA3U0y6\nJLZEy82192DRRe/kfcc74njGbNPBY5zCfEzXsgPpcXxEpang48+UU2AQ82DqitNL\nrSIRu1uAAzfFYlDn0uTVDexUtUBRHenoBs7nzwsoTfKCtBFjchf2s7g8sebdvDDC\n1rdNGAmK2uW/0KyW4e1z18ffXQWsjRqunl5B3sKJqdZd0xbHpJV7x21KfzvQGhGL\n7/WRhNn6EAevIUsfcHoanisK4iBFxRpHIGn515pjwQKBgQD+Ue9BKilmPROXKMoc\nzrsagHOt5we/qGYwUbItDmTrWA4zVoeOK9vdDSaOEKsqKWg4RGgMQ928qkPV83dV\nDCpXZaGQQtTfAcw4cINttJA56eIcJDlQRowl0GVVfwnZXPJkack10XcGeKdUHlNW\nv2POM/S7EXSBhjOvAg/IcIaSkwKBgQDE1hWwHLe47b0RO44PUgnVcnJui5Pe6m2s\ncpCGX0XzFOVTrx8V7qSgSGVJ/5OhwJI53IWfXqCg99YToQPcz7E8FhFQxjBcyBgV\neiyBJLpRObuZ1alJE7B8IZjFj3KNi2PwOCpLxLdMSUbkD9cwiZlpO9u3B5zkL0LS\nX0XsjvxVWQKBgE1+pgsTT94pikirUzsH+5eNwLIjDgdmxwy+OC7mjfXwtRMLsO6v\niqWHFlJ/3chRKcLLhXEHVQ/iSh1tvNUbieNrwpl04+y4XYRtNH8/YBtlm1K77wL5\nHEeBgv9UYKntWqciXP+bPkuohERroTVzyHPS/SXroba+MA2J8UlAkKElAoGBAJ8o\nfGDq16OwmDBW94drzofJAr5gHjEhXY0TFcmRP/5N5yDDeV9Cl9sCruQmxDkGfTZM\nGb/DxB5kR7WXfIgPaEAtl9K4bmKXaOH06AeEqyMCi67YFQoB4bJ9eApG81mAXE7h\nG1Iovg3xMmE2bcnReTqeLArTHQllLaLtZpzhASgBAoGAHzAalypge5RWOGPhHBaM\nEMtVyKgxEOTM/SPha0R2JtlK9DW1KaTib7yyyT4nBQH4X4ylgm/RXGMKhDhAOOhO\noI+wlyEGQ0fyZnIYMSwTX2fbriKHOwbBP5R9UtUYIm7yjBtovfILU9S1xGKcFhI4\n+jTCWmgXmU6ZJ52wxBmUHcc=\n-----END PRIVATE KEY-----\n",
            "public_key_fingerprint_md5": "79:bb:83:98:a8:39:95:61:ed:4d:19:93:4c:ef:05:d8",
            "public_key_fingerprint_sha256": "SHA256:cH+iZNx98xhjdfAb2rWFB75G7emPjCGbO8HzaH+WFLs",
            "public_key_openssh": "ssh-rsa AAAAB3NzaC1yc2EAAAADAQABAAABAQDDi2k3kj1AmNW+BNZFJ3alsoghAuFkLOb+C0hMxl338wE6OXbwyO/D6aiQxB6DzDxQxnWOOYWE0MdE1kX9GY6phDhB8VYkrwOI6r2imZoogJ4LRs6rm/woXtCvn7bHYTrwQptWmuUm5ru913K+o1I0brFEgRI818v4FLAJDPl+BO5984C+ey4CXH6Je8VYJnRyvv29T5izuY1BwhvWR/TOgvCtH3+lXM9awSmNf6HkKHrEY+wlWnNqCGW7yzpK77OZeKp7wPpyQKfEkxQ0FPto8vWU5Pmf8vssun+OwtLEfTTIGoCuz9QGKB/ARU144EfnC9O/Sui8CzrMMlWgJ8Qb\n",
            "public_key_pem": "-----BEGIN PUBLIC KEY-----\nMIIBIjANBgkqhkiG9w0BAQEFAAOCAQ8AMIIBCgKCAQEAw4tpN5I9QJjVvgTWRSd2\npbKIIQLhZCzm/gtITMZd9/MBOjl28Mjvw+mokMQeg8w8UMZ1jjmFhNDHRNZF/RmO\nqYQ4QfFWJK8DiOq9opmaKICeC0bOq5v8KF7Qr5+2x2E68EKbVprlJua7vddyvqNS\nNG6xRIESPNfL+BSwCQz5fgTuffOAvnsuAlx+iXvFWCZ0cr79vU+Ys7mNQcIb1kf0\nzoLwrR9/pVzPWsEpjX+h5Ch6xGPsJVpzaghlu8s6Su+zmXiqe8D6ckCnxJMUNBT7\naPL1lOT5n/L7LLp/jsLSxH00yBqArs/UBigfwEVNeOBH5wvTv0rovAs6zDJVoCfE\nGwIDAQAB\n-----END PUBLIC KEY-----\n",
            "rsa_bits": 2048
          },
          "sensitive_attributes": []
        }
      ]
    },
    {
      "module": "module.rds",
      "mode": "managed",
      "type": "aws_db_instance",
      "name": "blog",
      "provider": "provider[\"registry.terraform.io/hashicorp/aws\"]",
      "instances": [
        {
          "schema_version": 1,
          "attributes": {
            "address": "blog.cjqdqvjhhb3j.us-east-2.rds.amazonaws.com",
            "allocated_storage": 10,
            "allow_major_version_upgrade": null,
            "apply_immediately": false,
            "arn": "arn:aws:rds:us-east-2:740785433437:db:blog",
            "auto_minor_version_upgrade": true,
            "availability_zone": "us-east-2a",
            "backup_retention_period": 0,
            "backup_window": "04:28-04:58",
            "blue_green_update": [],
            "ca_cert_identifier": "rds-ca-2019",
            "character_set_name": "",
            "copy_tags_to_snapshot": false,
            "custom_iam_instance_profile": "",
            "customer_owned_ip_enabled": false,
            "db_name": "",
            "db_subnet_group_name": "blog",
            "delete_automated_backups": true,
            "deletion_protection": false,
            "domain": "",
            "domain_iam_role_name": "",
            "enabled_cloudwatch_logs_exports": null,
            "endpoint": "blog.cjqdqvjhhb3j.us-east-2.rds.amazonaws.com:5432",
            "engine": "postgres",
            "engine_version": "14.7",
            "engine_version_actual": "14.7",
            "final_snapshot_identifier": null,
            "hosted_zone_id": "Z2XHWR1WZ565X2",
            "iam_database_authentication_enabled": false,
            "id": "blog",
            "identifier": "blog",
            "identifier_prefix": "",
            "instance_class": "db.t3.micro",
            "iops": 0,
            "kms_key_id": "",
            "latest_restorable_time": "",
            "license_model": "postgresql-license",
            "listener_endpoint": [],
            "maintenance_window": "sun:03:07-sun:03:37",
            "manage_master_user_password": null,
            "master_user_secret": [],
            "master_user_secret_kms_key_id": null,
            "max_allocated_storage": 0,
            "monitoring_interval": 0,
            "monitoring_role_arn": "",
            "multi_az": false,
            "name": "",
            "nchar_character_set_name": "",
            "network_type": "IPV4",
            "option_group_name": "default:postgres-14",
            "parameter_group_name": "blog",
            "password": "Password0123",
            "performance_insights_enabled": false,
            "performance_insights_kms_key_id": "",
            "performance_insights_retention_period": 0,
            "port": 5432,
            "publicly_accessible": false,
            "replica_mode": "",
            "replicas": [],
            "replicate_source_db": "",
            "resource_id": "db-F37AJ246GHV5GQNDF6OIDLPOJM",
            "restore_to_point_in_time": [],
            "s3_import": [],
            "security_group_names": null,
            "skip_final_snapshot": true,
            "snapshot_identifier": null,
            "status": "available",
            "storage_encrypted": false,
            "storage_throughput": 0,
            "storage_type": "gp2",
            "tags": {
              "Name": "blog_postgres"
            },
            "tags_all": {
              "Name": "blog_postgres"
            },
            "timeouts": null,
            "timezone": "",
            "username": "dhan",
            "vpc_security_group_ids": [
              "sg-0608dc239d0b8d96d"
            ]
          },
          "sensitive_attributes": [
            [
              {
                "type": "get_attr",
                "value": "password"
              }
            ]
          ],
          "private": "eyJlMmJmYjczMC1lY2FhLTExZTYtOGY4OC0zNDM2M2JjN2M0YzAiOnsiY3JlYXRlIjoyNDAwMDAwMDAwMDAwLCJkZWxldGUiOjM2MDAwMDAwMDAwMDAsInVwZGF0ZSI6NDgwMDAwMDAwMDAwMH0sInNjaGVtYV92ZXJzaW9uIjoiMSJ9",
          "dependencies": [
            "module.rds.aws_db_parameter_group.blog",
            "module.rds.aws_db_subnet_group.blog",
            "module.sg.aws_security_group.allow_web",
            "module.sg.aws_security_group.database_sg",
            "module.sg.aws_security_group.load_balancer_sg",
            "module.vpc.aws_subnet.Private-Subnet-1",
            "module.vpc.aws_subnet.Private-Subnet-2",
            "module.vpc.aws_vpc.web-vpc"
          ]
        }
      ]
    },
    {
      "module": "module.rds",
      "mode": "managed",
      "type": "aws_db_parameter_group",
      "name": "blog",
      "provider": "provider[\"registry.terraform.io/hashicorp/aws\"]",
      "instances": [
        {
          "schema_version": 0,
          "attributes": {
            "arn": "arn:aws:rds:us-east-2:740785433437:pg:blog",
            "description": "Managed by Terraform",
            "family": "postgres14",
            "id": "blog",
            "name": "blog",
            "name_prefix": null,
            "parameter": [
              {
                "apply_method": "immediate",
                "name": "log_connections",
                "value": "1"
              }
            ],
            "tags": null,
            "tags_all": {}
          },
          "sensitive_attributes": [],
          "private": "bnVsbA=="
        }
      ]
    },
    {
      "module": "module.rds",
      "mode": "managed",
      "type": "aws_db_subnet_group",
      "name": "blog",
      "provider": "provider[\"registry.terraform.io/hashicorp/aws\"]",
      "instances": [
        {
          "schema_version": 0,
          "attributes": {
            "arn": "arn:aws:rds:us-east-2:740785433437:subgrp:blog",
            "description": "Managed by Terraform",
            "id": "blog",
            "name": "blog",
            "name_prefix": "",
            "subnet_ids": [
              "subnet-096164e2e0db334c2",
              "subnet-0bd51acc09d86184e"
            ],
            "supported_network_types": [
              "IPV4"
            ],
            "tags": {
              "Name": "Blog"
            },
            "tags_all": {
              "Name": "Blog"
            },
            "vpc_id": "vpc-0aaa795fac7079765"
          },
          "sensitive_attributes": [],
          "private": "bnVsbA==",
          "dependencies": [
            "module.vpc.aws_subnet.Private-Subnet-1",
            "module.vpc.aws_subnet.Private-Subnet-2",
            "module.vpc.aws_vpc.web-vpc"
          ]
        }
      ]
    },
    {
      "module": "module.sg",
      "mode": "managed",
      "type": "aws_security_group",
      "name": "allow_web",
      "provider": "provider[\"registry.terraform.io/hashicorp/aws\"]",
      "instances": [
        {
          "schema_version": 1,
          "attributes": {
            "arn": "arn:aws:ec2:us-east-2:740785433437:security-group/sg-0b0c6df311094fdeb",
            "description": "Allow TLS inbound traffic",
            "egress": [
              {
                "cidr_blocks": [
                  "0.0.0.0/0"
                ],
                "description": "",
                "from_port": 0,
                "ipv6_cidr_blocks": [],
                "prefix_list_ids": [],
                "protocol": "-1",
                "security_groups": [],
                "self": false,
                "to_port": 0
              }
            ],
            "id": "sg-0b0c6df311094fdeb",
            "ingress": [
              {
                "cidr_blocks": [
                  "0.0.0.0/0"
                ],
                "description": "HTTP from VPC",
                "from_port": 80,
                "ipv6_cidr_blocks": [],
                "prefix_list_ids": [],
                "protocol": "tcp",
                "security_groups": [],
                "self": false,
                "to_port": 80
              },
              {
                "cidr_blocks": [
                  "0.0.0.0/0"
                ],
                "description": "SSHrom VPC",
                "from_port": 22,
                "ipv6_cidr_blocks": [],
                "prefix_list_ids": [],
                "protocol": "tcp",
                "security_groups": [],
                "self": false,
                "to_port": 22
              },
              {
                "cidr_blocks": [],
                "description": "HTTPS from VPC",
                "from_port": 443,
                "ipv6_cidr_blocks": [],
                "prefix_list_ids": [],
                "protocol": "tcp",
                "security_groups": [
                  "sg-0970a7b261abd02fe"
                ],
                "self": false,
                "to_port": 443
              }
            ],
            "name": "allow_web_traffic",
            "name_prefix": "",
            "owner_id": "740785433437",
            "revoke_rules_on_delete": false,
            "tags": {
              "Name": "allow_web"
            },
            "tags_all": {
              "Name": "allow_web"
            },
            "timeouts": null,
            "vpc_id": "vpc-0aaa795fac7079765"
          },
          "sensitive_attributes": [],
          "private": "eyJlMmJmYjczMC1lY2FhLTExZTYtOGY4OC0zNDM2M2JjN2M0YzAiOnsiY3JlYXRlIjo2MDAwMDAwMDAwMDAsImRlbGV0ZSI6OTAwMDAwMDAwMDAwfSwic2NoZW1hX3ZlcnNpb24iOiIxIn0=",
          "dependencies": [
            "module.sg.aws_security_group.load_balancer_sg",
            "module.vpc.aws_vpc.web-vpc"
          ]
        }
      ]
    },
    {
      "module": "module.sg",
      "mode": "managed",
      "type": "aws_security_group",
      "name": "database_sg",
      "provider": "provider[\"registry.terraform.io/hashicorp/aws\"]",
      "instances": [
        {
          "schema_version": 1,
          "attributes": {
            "arn": "arn:aws:ec2:us-east-2:740785433437:security-group/sg-0608dc239d0b8d96d",
            "description": "Allow TLS inbound traffic",
            "egress": [
              {
                "cidr_blocks": [],
                "description": "",
                "from_port": 0,
                "ipv6_cidr_blocks": [],
                "prefix_list_ids": [],
                "protocol": "-1",
                "security_groups": [
                  "sg-0b0c6df311094fdeb"
                ],
                "self": false,
                "to_port": 0
              }
            ],
            "id": "sg-0608dc239d0b8d96d",
            "ingress": [
              {
                "cidr_blocks": [],
                "description": "",
                "from_port": 5432,
                "ipv6_cidr_blocks": [],
                "prefix_list_ids": [],
                "protocol": "tcp",
                "security_groups": [
                  "sg-0b0c6df311094fdeb"
                ],
                "self": false,
                "to_port": 5432
              }
            ],
            "name": "DB-sg",
            "name_prefix": "",
            "owner_id": "740785433437",
            "revoke_rules_on_delete": false,
            "tags": {
              "Name": "db-sg"
            },
            "tags_all": {
              "Name": "db-sg"
            },
            "timeouts": null,
            "vpc_id": "vpc-0aaa795fac7079765"
          },
          "sensitive_attributes": [],
          "private": "eyJlMmJmYjczMC1lY2FhLTExZTYtOGY4OC0zNDM2M2JjN2M0YzAiOnsiY3JlYXRlIjo2MDAwMDAwMDAwMDAsImRlbGV0ZSI6OTAwMDAwMDAwMDAwfSwic2NoZW1hX3ZlcnNpb24iOiIxIn0=",
          "dependencies": [
            "module.sg.aws_security_group.allow_web",
            "module.sg.aws_security_group.load_balancer_sg",
            "module.vpc.aws_vpc.web-vpc"
          ]
        }
      ]
    },
    {
      "module": "module.sg",
      "mode": "managed",
      "type": "aws_security_group",
      "name": "efs_sg",
      "provider": "provider[\"registry.terraform.io/hashicorp/aws\"]",
      "instances": [
        {
          "schema_version": 1,
          "attributes": {
            "arn": "arn:aws:ec2:us-east-2:740785433437:security-group/sg-0679ec0c11a2db3d8",
            "description": "Inbound NFS access from EFS clients",
            "egress": [
              {
                "cidr_blocks": [
                  "0.0.0.0/0"
                ],
                "description": "",
                "from_port": 0,
                "ipv6_cidr_blocks": [],
                "prefix_list_ids": [],
                "protocol": "-1",
                "security_groups": [],
                "self": false,
                "to_port": 0
              }
            ],
            "id": "sg-0679ec0c11a2db3d8",
            "ingress": [
              {
                "cidr_blocks": [
                  "0.0.0.0/0"
                ],
                "description": "",
                "from_port": 2049,
                "ipv6_cidr_blocks": [],
                "prefix_list_ids": [],
                "protocol": "tcp",
                "security_groups": [],
                "self": false,
                "to_port": 2049
              }
            ],
            "name": "EFS Mount Target",
            "name_prefix": "",
            "owner_id": "740785433437",
            "revoke_rules_on_delete": false,
            "tags": {
              "Name": "efs-sg"
            },
            "tags_all": {
              "Name": "efs-sg"
            },
            "timeouts": null,
            "vpc_id": "vpc-0aaa795fac7079765"
          },
          "sensitive_attributes": [],
          "private": "eyJlMmJmYjczMC1lY2FhLTExZTYtOGY4OC0zNDM2M2JjN2M0YzAiOnsiY3JlYXRlIjo2MDAwMDAwMDAwMDAsImRlbGV0ZSI6OTAwMDAwMDAwMDAwfSwic2NoZW1hX3ZlcnNpb24iOiIxIn0=",
          "dependencies": [
            "module.vpc.aws_vpc.web-vpc"
          ]
        }
      ]
    },
    {
      "module": "module.sg",
      "mode": "managed",
      "type": "aws_security_group",
      "name": "load_balancer_sg",
      "provider": "provider[\"registry.terraform.io/hashicorp/aws\"]",
      "instances": [
        {
          "schema_version": 1,
          "attributes": {
            "arn": "arn:aws:ec2:us-east-2:740785433437:security-group/sg-0970a7b261abd02fe",
            "description": "Allow HTTP inbound traffic",
            "egress": [
              {
                "cidr_blocks": [
                  "0.0.0.0/0"
                ],
                "description": "",
                "from_port": 0,
                "ipv6_cidr_blocks": [],
                "prefix_list_ids": [],
                "protocol": "-1",
                "security_groups": [],
                "self": false,
                "to_port": 0
              }
            ],
            "id": "sg-0970a7b261abd02fe",
            "ingress": [
              {
                "cidr_blocks": [
                  "0.0.0.0/0"
                ],
                "description": "HTTP from VPC",
                "from_port": 80,
                "ipv6_cidr_blocks": [],
                "prefix_list_ids": [],
                "protocol": "tcp",
                "security_groups": [],
                "self": false,
                "to_port": 80
              }
            ],
            "name": "load-balancer-sg",
            "name_prefix": "",
            "owner_id": "740785433437",
            "revoke_rules_on_delete": false,
            "tags": {
              "Name": "sg-load-balancer"
            },
            "tags_all": {
              "Name": "sg-load-balancer"
            },
            "timeouts": null,
            "vpc_id": "vpc-0aaa795fac7079765"
          },
          "sensitive_attributes": [],
          "private": "eyJlMmJmYjczMC1lY2FhLTExZTYtOGY4OC0zNDM2M2JjN2M0YzAiOnsiY3JlYXRlIjo2MDAwMDAwMDAwMDAsImRlbGV0ZSI6OTAwMDAwMDAwMDAwfSwic2NoZW1hX3ZlcnNpb24iOiIxIn0=",
          "dependencies": [
            "module.vpc.aws_vpc.web-vpc"
          ]
        }
      ]
    },
    {
      "module": "module.vpc",
      "mode": "managed",
      "type": "aws_eip",
      "name": "web-eip1",
      "provider": "provider[\"registry.terraform.io/hashicorp/aws\"]",
      "instances": [
        {
          "schema_version": 0,
          "attributes": {
            "address": null,
            "allocation_id": "eipalloc-0581c56b3c4631457",
            "associate_with_private_ip": null,
            "association_id": "",
            "carrier_ip": "",
            "customer_owned_ip": "",
            "customer_owned_ipv4_pool": "",
            "domain": "vpc",
            "id": "eipalloc-0581c56b3c4631457",
            "instance": "",
            "network_border_group": "us-east-2",
            "network_interface": "",
            "private_dns": null,
            "private_ip": "",
            "public_dns": "ec2-3-128-1-147.us-east-2.compute.amazonaws.com",
            "public_ip": "3.128.1.147",
            "public_ipv4_pool": "amazon",
            "tags": null,
            "tags_all": {},
            "timeouts": null,
            "vpc": true
          },
          "sensitive_attributes": [],
          "private": "eyJlMmJmYjczMC1lY2FhLTExZTYtOGY4OC0zNDM2M2JjN2M0YzAiOnsiZGVsZXRlIjoxODAwMDAwMDAwMDAsInJlYWQiOjkwMDAwMDAwMDAwMCwidXBkYXRlIjozMDAwMDAwMDAwMDB9fQ==",
          "dependencies": [
            "module.vpc.aws_internet_gateway.web-igw",
            "module.vpc.aws_vpc.web-vpc"
          ]
        }
      ]
    },
    {
      "module": "module.vpc",
      "mode": "managed",
      "type": "aws_eip",
      "name": "web-eip2",
      "provider": "provider[\"registry.terraform.io/hashicorp/aws\"]",
      "instances": [
        {
          "schema_version": 0,
          "attributes": {
            "address": null,
            "allocation_id": "eipalloc-0a0519b8f09e0d9e9",
            "associate_with_private_ip": null,
            "association_id": "",
            "carrier_ip": "",
            "customer_owned_ip": "",
            "customer_owned_ipv4_pool": "",
            "domain": "vpc",
            "id": "eipalloc-0a0519b8f09e0d9e9",
            "instance": "",
            "network_border_group": "us-east-2",
            "network_interface": "",
            "private_dns": null,
            "private_ip": "",
            "public_dns": "ec2-3-142-22-126.us-east-2.compute.amazonaws.com",
            "public_ip": "3.142.22.126",
            "public_ipv4_pool": "amazon",
            "tags": null,
            "tags_all": {},
            "timeouts": null,
            "vpc": true
          },
          "sensitive_attributes": [],
          "private": "eyJlMmJmYjczMC1lY2FhLTExZTYtOGY4OC0zNDM2M2JjN2M0YzAiOnsiZGVsZXRlIjoxODAwMDAwMDAwMDAsInJlYWQiOjkwMDAwMDAwMDAwMCwidXBkYXRlIjozMDAwMDAwMDAwMDB9fQ==",
          "dependencies": [
            "module.vpc.aws_internet_gateway.web-igw",
            "module.vpc.aws_vpc.web-vpc"
          ]
        }
      ]
    },
    {
      "module": "module.vpc",
      "mode": "managed",
      "type": "aws_internet_gateway",
      "name": "web-igw",
      "provider": "provider[\"registry.terraform.io/hashicorp/aws\"]",
      "instances": [
        {
          "schema_version": 0,
          "attributes": {
            "arn": "arn:aws:ec2:us-east-2:740785433437:internet-gateway/igw-0f8d9d62266f9556e",
            "id": "igw-0f8d9d62266f9556e",
            "owner_id": "740785433437",
            "tags": {
              "Name": "internet-gateway"
            },
            "tags_all": {
              "Name": "internet-gateway"
            },
            "timeouts": null,
            "vpc_id": "vpc-0aaa795fac7079765"
          },
          "sensitive_attributes": [],
          "private": "eyJlMmJmYjczMC1lY2FhLTExZTYtOGY4OC0zNDM2M2JjN2M0YzAiOnsiY3JlYXRlIjoxMjAwMDAwMDAwMDAwLCJkZWxldGUiOjEyMDAwMDAwMDAwMDAsInVwZGF0ZSI6MTIwMDAwMDAwMDAwMH19",
          "dependencies": [
            "module.vpc.aws_vpc.web-vpc"
          ]
        }
      ]
    },
    {
      "module": "module.vpc",
      "mode": "managed",
      "type": "aws_nat_gateway",
      "name": "web-ngw1",
      "provider": "provider[\"registry.terraform.io/hashicorp/aws\"]",
      "instances": [
        {
          "schema_version": 0,
          "attributes": {
            "allocation_id": "eipalloc-0581c56b3c4631457",
            "association_id": "eipassoc-05fce430e6546aed2",
            "connectivity_type": "public",
            "id": "nat-05354165dfe5cfc0f",
            "network_interface_id": "eni-0bb7e9dd7e524aee7",
            "private_ip": "10.0.1.48",
            "public_ip": "3.128.1.147",
            "subnet_id": "subnet-06dc47814d1a0bbff",
            "tags": {
              "Name": "nat-gateway 1"
            },
            "tags_all": {
              "Name": "nat-gateway 1"
            }
          },
          "sensitive_attributes": [],
          "private": "bnVsbA==",
          "dependencies": [
            "module.vpc.aws_eip.web-eip1",
            "module.vpc.aws_internet_gateway.web-igw",
            "module.vpc.aws_subnet.Public-Subnet-1",
            "module.vpc.aws_vpc.web-vpc"
          ]
        }
      ]
    },
    {
      "module": "module.vpc",
      "mode": "managed",
      "type": "aws_nat_gateway",
      "name": "web-ngw2",
      "provider": "provider[\"registry.terraform.io/hashicorp/aws\"]",
      "instances": [
        {
          "schema_version": 0,
          "attributes": {
            "allocation_id": "eipalloc-0a0519b8f09e0d9e9",
            "association_id": "eipassoc-0373b1985ca16b613",
            "connectivity_type": "public",
            "id": "nat-015da59afcb926504",
            "network_interface_id": "eni-015f5746627a06870",
            "private_ip": "10.0.2.188",
            "public_ip": "3.142.22.126",
            "subnet_id": "subnet-033565a66a3202a84",
            "tags": {
              "Name": "nat-gateway 2"
            },
            "tags_all": {
              "Name": "nat-gateway 2"
            }
          },
          "sensitive_attributes": [],
          "private": "bnVsbA==",
          "dependencies": [
            "module.vpc.aws_eip.web-eip2",
            "module.vpc.aws_internet_gateway.web-igw",
            "module.vpc.aws_subnet.Public-Subnet-2",
            "module.vpc.aws_vpc.web-vpc"
          ]
        }
      ]
    },
    {
      "module": "module.vpc",
      "mode": "managed",
      "type": "aws_route_table",
      "name": "rtb-private1",
      "provider": "provider[\"registry.terraform.io/hashicorp/aws\"]",
      "instances": [
        {
          "schema_version": 0,
          "attributes": {
            "arn": "arn:aws:ec2:us-east-2:740785433437:route-table/rtb-0dba3103913569067",
            "id": "rtb-0dba3103913569067",
            "owner_id": "740785433437",
            "propagating_vgws": [],
            "route": [
              {
                "carrier_gateway_id": "",
                "cidr_block": "0.0.0.0/0",
                "core_network_arn": "",
                "destination_prefix_list_id": "",
                "egress_only_gateway_id": "",
                "gateway_id": "nat-05354165dfe5cfc0f",
                "instance_id": "",
                "ipv6_cidr_block": "",
                "local_gateway_id": "",
                "nat_gateway_id": "",
                "network_interface_id": "",
                "transit_gateway_id": "",
                "vpc_endpoint_id": "",
                "vpc_peering_connection_id": ""
              }
            ],
            "tags": {
              "Name": "private-route-table-1"
            },
            "tags_all": {
              "Name": "private-route-table-1"
            },
            "timeouts": null,
            "vpc_id": "vpc-0aaa795fac7079765"
          },
          "sensitive_attributes": [],
          "private": "eyJlMmJmYjczMC1lY2FhLTExZTYtOGY4OC0zNDM2M2JjN2M0YzAiOnsiY3JlYXRlIjozMDAwMDAwMDAwMDAsImRlbGV0ZSI6MzAwMDAwMDAwMDAwLCJ1cGRhdGUiOjEyMDAwMDAwMDAwMH19",
          "dependencies": [
            "module.vpc.aws_eip.web-eip1",
            "module.vpc.aws_internet_gateway.web-igw",
            "module.vpc.aws_nat_gateway.web-ngw1",
            "module.vpc.aws_subnet.Public-Subnet-1",
            "module.vpc.aws_vpc.web-vpc"
          ]
        }
      ]
    },
    {
      "module": "module.vpc",
      "mode": "managed",
      "type": "aws_route_table",
      "name": "rtb-private2",
      "provider": "provider[\"registry.terraform.io/hashicorp/aws\"]",
      "instances": [
        {
          "schema_version": 0,
          "attributes": {
            "arn": "arn:aws:ec2:us-east-2:740785433437:route-table/rtb-09d50c9c02660d4ae",
            "id": "rtb-09d50c9c02660d4ae",
            "owner_id": "740785433437",
            "propagating_vgws": [],
            "route": [
              {
                "carrier_gateway_id": "",
                "cidr_block": "0.0.0.0/0",
                "core_network_arn": "",
                "destination_prefix_list_id": "",
                "egress_only_gateway_id": "",
                "gateway_id": "nat-015da59afcb926504",
                "instance_id": "",
                "ipv6_cidr_block": "",
                "local_gateway_id": "",
                "nat_gateway_id": "",
                "network_interface_id": "",
                "transit_gateway_id": "",
                "vpc_endpoint_id": "",
                "vpc_peering_connection_id": ""
              }
            ],
            "tags": {
              "Name": "private-route-table-2"
            },
            "tags_all": {
              "Name": "private-route-table-2"
            },
            "timeouts": null,
            "vpc_id": "vpc-0aaa795fac7079765"
          },
          "sensitive_attributes": [],
          "private": "eyJlMmJmYjczMC1lY2FhLTExZTYtOGY4OC0zNDM2M2JjN2M0YzAiOnsiY3JlYXRlIjozMDAwMDAwMDAwMDAsImRlbGV0ZSI6MzAwMDAwMDAwMDAwLCJ1cGRhdGUiOjEyMDAwMDAwMDAwMH19",
          "dependencies": [
            "module.vpc.aws_eip.web-eip2",
            "module.vpc.aws_internet_gateway.web-igw",
            "module.vpc.aws_nat_gateway.web-ngw2",
            "module.vpc.aws_subnet.Public-Subnet-2",
            "module.vpc.aws_vpc.web-vpc"
          ]
        }
      ]
    },
    {
      "module": "module.vpc",
      "mode": "managed",
      "type": "aws_route_table",
      "name": "rtb-public1",
      "provider": "provider[\"registry.terraform.io/hashicorp/aws\"]",
      "instances": [
        {
          "schema_version": 0,
          "attributes": {
            "arn": "arn:aws:ec2:us-east-2:740785433437:route-table/rtb-04a889b6d6ff3a885",
            "id": "rtb-04a889b6d6ff3a885",
            "owner_id": "740785433437",
            "propagating_vgws": [],
            "route": [
              {
                "carrier_gateway_id": "",
                "cidr_block": "0.0.0.0/0",
                "core_network_arn": "",
                "destination_prefix_list_id": "",
                "egress_only_gateway_id": "",
                "gateway_id": "igw-0f8d9d62266f9556e",
                "instance_id": "",
                "ipv6_cidr_block": "",
                "local_gateway_id": "",
                "nat_gateway_id": "",
                "network_interface_id": "",
                "transit_gateway_id": "",
                "vpc_endpoint_id": "",
                "vpc_peering_connection_id": ""
              }
            ],
            "tags": {
              "Name": "public-route-table-1"
            },
            "tags_all": {
              "Name": "public-route-table-1"
            },
            "timeouts": null,
            "vpc_id": "vpc-0aaa795fac7079765"
          },
          "sensitive_attributes": [],
          "private": "eyJlMmJmYjczMC1lY2FhLTExZTYtOGY4OC0zNDM2M2JjN2M0YzAiOnsiY3JlYXRlIjozMDAwMDAwMDAwMDAsImRlbGV0ZSI6MzAwMDAwMDAwMDAwLCJ1cGRhdGUiOjEyMDAwMDAwMDAwMH19",
          "dependencies": [
            "module.vpc.aws_internet_gateway.web-igw",
            "module.vpc.aws_vpc.web-vpc"
          ]
        }
      ]
    },
    {
      "module": "module.vpc",
      "mode": "managed",
      "type": "aws_route_table_association",
      "name": "private1-rtba",
      "provider": "provider[\"registry.terraform.io/hashicorp/aws\"]",
      "instances": [
        {
          "schema_version": 0,
          "attributes": {
            "gateway_id": "",
            "id": "rtbassoc-0c0dfe1ee54baa0f5",
            "route_table_id": "rtb-0dba3103913569067",
            "subnet_id": "subnet-0bd51acc09d86184e",
            "timeouts": null
          },
          "sensitive_attributes": [],
          "private": "eyJlMmJmYjczMC1lY2FhLTExZTYtOGY4OC0zNDM2M2JjN2M0YzAiOnsiY3JlYXRlIjozMDAwMDAwMDAwMDAsImRlbGV0ZSI6MzAwMDAwMDAwMDAwLCJ1cGRhdGUiOjEyMDAwMDAwMDAwMH19",
          "dependencies": [
            "module.vpc.aws_eip.web-eip1",
            "module.vpc.aws_internet_gateway.web-igw",
            "module.vpc.aws_nat_gateway.web-ngw1",
            "module.vpc.aws_route_table.rtb-private1",
            "module.vpc.aws_subnet.Private-Subnet-1",
            "module.vpc.aws_subnet.Public-Subnet-1",
            "module.vpc.aws_vpc.web-vpc"
          ]
        }
      ]
    },
    {
      "module": "module.vpc",
      "mode": "managed",
      "type": "aws_route_table_association",
      "name": "private2-rtba",
      "provider": "provider[\"registry.terraform.io/hashicorp/aws\"]",
      "instances": [
        {
          "schema_version": 0,
          "attributes": {
            "gateway_id": "",
            "id": "rtbassoc-00bcb259f2b5a1cda",
            "route_table_id": "rtb-09d50c9c02660d4ae",
            "subnet_id": "subnet-096164e2e0db334c2",
            "timeouts": null
          },
          "sensitive_attributes": [],
          "private": "eyJlMmJmYjczMC1lY2FhLTExZTYtOGY4OC0zNDM2M2JjN2M0YzAiOnsiY3JlYXRlIjozMDAwMDAwMDAwMDAsImRlbGV0ZSI6MzAwMDAwMDAwMDAwLCJ1cGRhdGUiOjEyMDAwMDAwMDAwMH19",
          "dependencies": [
            "module.vpc.aws_eip.web-eip2",
            "module.vpc.aws_internet_gateway.web-igw",
            "module.vpc.aws_nat_gateway.web-ngw2",
            "module.vpc.aws_route_table.rtb-private2",
            "module.vpc.aws_subnet.Private-Subnet-2",
            "module.vpc.aws_subnet.Public-Subnet-2",
            "module.vpc.aws_vpc.web-vpc"
          ]
        }
      ]
    },
    {
      "module": "module.vpc",
      "mode": "managed",
      "type": "aws_route_table_association",
      "name": "public1-rtba",
      "provider": "provider[\"registry.terraform.io/hashicorp/aws\"]",
      "instances": [
        {
          "schema_version": 0,
          "attributes": {
            "gateway_id": "",
            "id": "rtbassoc-0d632865315eb86fa",
            "route_table_id": "rtb-04a889b6d6ff3a885",
            "subnet_id": "subnet-06dc47814d1a0bbff",
            "timeouts": null
          },
          "sensitive_attributes": [],
          "private": "eyJlMmJmYjczMC1lY2FhLTExZTYtOGY4OC0zNDM2M2JjN2M0YzAiOnsiY3JlYXRlIjozMDAwMDAwMDAwMDAsImRlbGV0ZSI6MzAwMDAwMDAwMDAwLCJ1cGRhdGUiOjEyMDAwMDAwMDAwMH19",
          "dependencies": [
            "module.vpc.aws_internet_gateway.web-igw",
            "module.vpc.aws_route_table.rtb-public1",
            "module.vpc.aws_subnet.Public-Subnet-1",
            "module.vpc.aws_vpc.web-vpc"
          ]
        }
      ]
    },
    {
      "module": "module.vpc",
      "mode": "managed",
      "type": "aws_route_table_association",
      "name": "public2-rtba",
      "provider": "provider[\"registry.terraform.io/hashicorp/aws\"]",
      "instances": [
        {
          "schema_version": 0,
          "attributes": {
            "gateway_id": "",
            "id": "rtbassoc-0e75bf233864cd25c",
            "route_table_id": "rtb-04a889b6d6ff3a885",
            "subnet_id": "subnet-033565a66a3202a84",
            "timeouts": null
          },
          "sensitive_attributes": [],
          "private": "eyJlMmJmYjczMC1lY2FhLTExZTYtOGY4OC0zNDM2M2JjN2M0YzAiOnsiY3JlYXRlIjozMDAwMDAwMDAwMDAsImRlbGV0ZSI6MzAwMDAwMDAwMDAwLCJ1cGRhdGUiOjEyMDAwMDAwMDAwMH19",
          "dependencies": [
            "module.vpc.aws_internet_gateway.web-igw",
            "module.vpc.aws_route_table.rtb-public1",
            "module.vpc.aws_subnet.Public-Subnet-2",
            "module.vpc.aws_vpc.web-vpc"
          ]
        }
      ]
    },
    {
      "module": "module.vpc",
      "mode": "managed",
      "type": "aws_subnet",
      "name": "Private-Subnet-1",
      "provider": "provider[\"registry.terraform.io/hashicorp/aws\"]",
      "instances": [
        {
          "schema_version": 1,
          "attributes": {
            "arn": "arn:aws:ec2:us-east-2:740785433437:subnet/subnet-0bd51acc09d86184e",
            "assign_ipv6_address_on_creation": false,
            "availability_zone": "us-east-2a",
            "availability_zone_id": "use2-az1",
            "cidr_block": "10.0.3.0/24",
            "customer_owned_ipv4_pool": "",
            "enable_dns64": false,
            "enable_lni_at_device_index": 0,
            "enable_resource_name_dns_a_record_on_launch": false,
            "enable_resource_name_dns_aaaa_record_on_launch": false,
            "id": "subnet-0bd51acc09d86184e",
            "ipv6_cidr_block": "",
            "ipv6_cidr_block_association_id": "",
            "ipv6_native": false,
            "map_customer_owned_ip_on_launch": false,
            "map_public_ip_on_launch": false,
            "outpost_arn": "",
            "owner_id": "740785433437",
            "private_dns_hostname_type_on_launch": "ip-name",
            "tags": {
              "Name": "private-subnet-1"
            },
            "tags_all": {
              "Name": "private-subnet-1"
            },
            "timeouts": null,
            "vpc_id": "vpc-0aaa795fac7079765"
          },
          "sensitive_attributes": [],
          "private": "eyJlMmJmYjczMC1lY2FhLTExZTYtOGY4OC0zNDM2M2JjN2M0YzAiOnsiY3JlYXRlIjo2MDAwMDAwMDAwMDAsImRlbGV0ZSI6MTIwMDAwMDAwMDAwMH0sInNjaGVtYV92ZXJzaW9uIjoiMSJ9",
          "dependencies": [
            "module.vpc.aws_vpc.web-vpc"
          ]
        }
      ]
    },
    {
      "module": "module.vpc",
      "mode": "managed",
      "type": "aws_subnet",
      "name": "Private-Subnet-2",
      "provider": "provider[\"registry.terraform.io/hashicorp/aws\"]",
      "instances": [
        {
          "schema_version": 1,
          "attributes": {
            "arn": "arn:aws:ec2:us-east-2:740785433437:subnet/subnet-096164e2e0db334c2",
            "assign_ipv6_address_on_creation": false,
            "availability_zone": "us-east-2b",
            "availability_zone_id": "use2-az2",
            "cidr_block": "10.0.4.0/24",
            "customer_owned_ipv4_pool": "",
            "enable_dns64": false,
            "enable_lni_at_device_index": 0,
            "enable_resource_name_dns_a_record_on_launch": false,
            "enable_resource_name_dns_aaaa_record_on_launch": false,
            "id": "subnet-096164e2e0db334c2",
            "ipv6_cidr_block": "",
            "ipv6_cidr_block_association_id": "",
            "ipv6_native": false,
            "map_customer_owned_ip_on_launch": false,
            "map_public_ip_on_launch": false,
            "outpost_arn": "",
            "owner_id": "740785433437",
            "private_dns_hostname_type_on_launch": "ip-name",
            "tags": {
              "Name": "private-subnet-2"
            },
            "tags_all": {
              "Name": "private-subnet-2"
            },
            "timeouts": null,
            "vpc_id": "vpc-0aaa795fac7079765"
          },
          "sensitive_attributes": [],
          "private": "eyJlMmJmYjczMC1lY2FhLTExZTYtOGY4OC0zNDM2M2JjN2M0YzAiOnsiY3JlYXRlIjo2MDAwMDAwMDAwMDAsImRlbGV0ZSI6MTIwMDAwMDAwMDAwMH0sInNjaGVtYV92ZXJzaW9uIjoiMSJ9",
          "dependencies": [
            "module.vpc.aws_vpc.web-vpc"
          ]
        }
      ]
    },
    {
      "module": "module.vpc",
      "mode": "managed",
      "type": "aws_subnet",
      "name": "Public-Subnet-1",
      "provider": "provider[\"registry.terraform.io/hashicorp/aws\"]",
      "instances": [
        {
          "schema_version": 1,
          "attributes": {
            "arn": "arn:aws:ec2:us-east-2:740785433437:subnet/subnet-06dc47814d1a0bbff",
            "assign_ipv6_address_on_creation": false,
            "availability_zone": "us-east-2a",
            "availability_zone_id": "use2-az1",
            "cidr_block": "10.0.1.0/24",
            "customer_owned_ipv4_pool": "",
            "enable_dns64": false,
            "enable_lni_at_device_index": 0,
            "enable_resource_name_dns_a_record_on_launch": false,
            "enable_resource_name_dns_aaaa_record_on_launch": false,
            "id": "subnet-06dc47814d1a0bbff",
            "ipv6_cidr_block": "",
            "ipv6_cidr_block_association_id": "",
            "ipv6_native": false,
            "map_customer_owned_ip_on_launch": false,
            "map_public_ip_on_launch": false,
            "outpost_arn": "",
            "owner_id": "740785433437",
            "private_dns_hostname_type_on_launch": "ip-name",
            "tags": {
              "Name": "public-subnet-1"
            },
            "tags_all": {
              "Name": "public-subnet-1"
            },
            "timeouts": null,
            "vpc_id": "vpc-0aaa795fac7079765"
          },
          "sensitive_attributes": [],
          "private": "eyJlMmJmYjczMC1lY2FhLTExZTYtOGY4OC0zNDM2M2JjN2M0YzAiOnsiY3JlYXRlIjo2MDAwMDAwMDAwMDAsImRlbGV0ZSI6MTIwMDAwMDAwMDAwMH0sInNjaGVtYV92ZXJzaW9uIjoiMSJ9",
          "dependencies": [
            "module.vpc.aws_vpc.web-vpc"
          ]
        }
      ]
    },
    {
      "module": "module.vpc",
      "mode": "managed",
      "type": "aws_subnet",
      "name": "Public-Subnet-2",
      "provider": "provider[\"registry.terraform.io/hashicorp/aws\"]",
      "instances": [
        {
          "schema_version": 1,
          "attributes": {
            "arn": "arn:aws:ec2:us-east-2:740785433437:subnet/subnet-033565a66a3202a84",
            "assign_ipv6_address_on_creation": false,
            "availability_zone": "us-east-2b",
            "availability_zone_id": "use2-az2",
            "cidr_block": "10.0.2.0/24",
            "customer_owned_ipv4_pool": "",
            "enable_dns64": false,
            "enable_lni_at_device_index": 0,
            "enable_resource_name_dns_a_record_on_launch": false,
            "enable_resource_name_dns_aaaa_record_on_launch": false,
            "id": "subnet-033565a66a3202a84",
            "ipv6_cidr_block": "",
            "ipv6_cidr_block_association_id": "",
            "ipv6_native": false,
            "map_customer_owned_ip_on_launch": false,
            "map_public_ip_on_launch": false,
            "outpost_arn": "",
            "owner_id": "740785433437",
            "private_dns_hostname_type_on_launch": "ip-name",
            "tags": {
              "Name": "public-subnet-2"
            },
            "tags_all": {
              "Name": "public-subnet-2"
            },
            "timeouts": null,
            "vpc_id": "vpc-0aaa795fac7079765"
          },
          "sensitive_attributes": [],
          "private": "eyJlMmJmYjczMC1lY2FhLTExZTYtOGY4OC0zNDM2M2JjN2M0YzAiOnsiY3JlYXRlIjo2MDAwMDAwMDAwMDAsImRlbGV0ZSI6MTIwMDAwMDAwMDAwMH0sInNjaGVtYV92ZXJzaW9uIjoiMSJ9",
          "dependencies": [
            "module.vpc.aws_vpc.web-vpc"
          ]
        }
      ]
    },
    {
      "module": "module.vpc",
      "mode": "managed",
      "type": "aws_vpc",
      "name": "web-vpc",
      "provider": "provider[\"registry.terraform.io/hashicorp/aws\"]",
      "instances": [
        {
          "schema_version": 1,
          "attributes": {
            "arn": "arn:aws:ec2:us-east-2:740785433437:vpc/vpc-0aaa795fac7079765",
            "assign_generated_ipv6_cidr_block": false,
            "cidr_block": "10.0.0.0/16",
            "default_network_acl_id": "acl-015155567860df369",
            "default_route_table_id": "rtb-0fe1d0978929c985b",
            "default_security_group_id": "sg-03e900e3089a71514",
            "dhcp_options_id": "dopt-055b30b4f363ed45f",
            "enable_classiclink": false,
            "enable_classiclink_dns_support": false,
            "enable_dns_hostnames": true,
            "enable_dns_support": true,
            "enable_network_address_usage_metrics": false,
            "id": "vpc-0aaa795fac7079765",
            "instance_tenancy": "default",
            "ipv4_ipam_pool_id": null,
            "ipv4_netmask_length": null,
            "ipv6_association_id": "",
            "ipv6_cidr_block": "",
            "ipv6_cidr_block_network_border_group": "",
            "ipv6_ipam_pool_id": "",
            "ipv6_netmask_length": 0,
            "main_route_table_id": "rtb-0fe1d0978929c985b",
            "owner_id": "740785433437",
            "tags": {
              "Name": "web-vpc"
            },
            "tags_all": {
              "Name": "web-vpc"
            }
          },
          "sensitive_attributes": [],
          "private": "eyJzY2hlbWFfdmVyc2lvbiI6IjEifQ=="
        }
      ]
    }
  ],
  "check_results": null
}
